PODS:
  - Kingfisher (5.13.0):
    - Kingfisher/Core (= 5.13.0)
  - Kingfisher/Core (5.13.0)

DEPENDENCIES:
  - Kingfisher

SPEC REPOS:
  trunk:
    - Kingfisher

SPEC CHECKSUMS:
  Kingfisher: 0d334cada987fcddbe9b5cec516406e1ee9d4748

PODFILE CHECKSUM: 1bd5f5dd3748aeb853a292716ae410e7c0bb58fb

COCOAPODS: 1.9.0
